// !$*UTF8*$!
{
	archiveVersion = 1;
	classes = {
	};
	objectVersion = 56;
	objects = {

/* Begin PBXBuildFile section */
		6B23F533295C875000E8A1ED /* AppDelegate.swift in Sources */ = {isa = PBXBuildFile; fileRef = 6B23F532295C875000E8A1ED /* AppDelegate.swift */; };
		6B23F535295C875000E8A1ED /* SceneDelegate.swift in Sources */ = {isa = PBXBuildFile; fileRef = 6B23F534295C875000E8A1ED /* SceneDelegate.swift */; };
		6B23F53C295C875000E8A1ED /* Assets.xcassets in Resources */ = {isa = PBXBuildFile; fileRef = 6B23F53B295C875000E8A1ED /* Assets.xcassets */; };
		6B23F53F295C875000E8A1ED /* LaunchScreen.storyboard in Resources */ = {isa = PBXBuildFile; fileRef = 6B23F53D295C875000E8A1ED /* LaunchScreen.storyboard */; };
		6B23F549295C8B1800E8A1ED /* RootCoordinator.swift in Sources */ = {isa = PBXBuildFile; fileRef = 6B23F548295C8B1800E8A1ED /* RootCoordinator.swift */; };
		6B23F54D295C8C1F00E8A1ED /* Strings.swift in Sources */ = {isa = PBXBuildFile; fileRef = 6B23F54C295C8C1F00E8A1ED /* Strings.swift */; };
		6B23F54F295C8C4600E8A1ED /* Colors.xcassets in Resources */ = {isa = PBXBuildFile; fileRef = 6B23F54E295C8C4600E8A1ED /* Colors.xcassets */; };
		6B23F559295C8E9200E8A1ED /* LoginViewController.swift in Sources */ = {isa = PBXBuildFile; fileRef = 6B23F557295C8E9200E8A1ED /* LoginViewController.swift */; };
		6B23F55A295C8E9200E8A1ED /* LoginViewController.xib in Resources */ = {isa = PBXBuildFile; fileRef = 6B23F558295C8E9200E8A1ED /* LoginViewController.xib */; };
		6B23F55C295C90BC00E8A1ED /* UIWindow+extensions.swift in Sources */ = {isa = PBXBuildFile; fileRef = 6B23F55B295C90BC00E8A1ED /* UIWindow+extensions.swift */; };
		6B23F55E295C953000E8A1ED /* LoginViewModel.swift in Sources */ = {isa = PBXBuildFile; fileRef = 6B23F55D295C953000E8A1ED /* LoginViewModel.swift */; };
		6B23F561295C9FA500E8A1ED /* MainViewController.swift in Sources */ = {isa = PBXBuildFile; fileRef = 6B23F55F295C9FA500E8A1ED /* MainViewController.swift */; };
		6B23F562295C9FA500E8A1ED /* MainViewController.xib in Resources */ = {isa = PBXBuildFile; fileRef = 6B23F560295C9FA500E8A1ED /* MainViewController.xib */; };
		6B23F564295C9FB900E8A1ED /* MainViewModel.swift in Sources */ = {isa = PBXBuildFile; fileRef = 6B23F563295C9FB900E8A1ED /* MainViewModel.swift */; };
		6B23F567295CA28D00E8A1ED /* UserService.swift in Sources */ = {isa = PBXBuildFile; fileRef = 6B23F566295CA28D00E8A1ED /* UserService.swift */; };
		6B23F569295CA59A00E8A1ED /* Logger.swift in Sources */ = {isa = PBXBuildFile; fileRef = 6B23F568295CA59A00E8A1ED /* Logger.swift */; };
		6B23F56C295CA8D600E8A1ED /* DetailsViewController.swift in Sources */ = {isa = PBXBuildFile; fileRef = 6B23F56A295CA8D600E8A1ED /* DetailsViewController.swift */; };
		6B23F56D295CA8D600E8A1ED /* DetailsViewController.xib in Resources */ = {isa = PBXBuildFile; fileRef = 6B23F56B295CA8D600E8A1ED /* DetailsViewController.xib */; };
		6B23F56F295CA8F400E8A1ED /* DetailsViewModel.swift in Sources */ = {isa = PBXBuildFile; fileRef = 6B23F56E295CA8F400E8A1ED /* DetailsViewModel.swift */; };
		6B23F572295CAD9000E8A1ED /* TabBarController.swift in Sources */ = {isa = PBXBuildFile; fileRef = 6B23F571295CAD9000E8A1ED /* TabBarController.swift */; };
		6B23F576295CB00C00E8A1ED /* UserViewController.swift in Sources */ = {isa = PBXBuildFile; fileRef = 6B23F574295CB00C00E8A1ED /* UserViewController.swift */; };
		6B23F577295CB00C00E8A1ED /* UserViewController.xib in Resources */ = {isa = PBXBuildFile; fileRef = 6B23F575295CB00C00E8A1ED /* UserViewController.xib */; };
		6B23F579295CB06700E8A1ED /* UserViewModel.swift in Sources */ = {isa = PBXBuildFile; fileRef = 6B23F578295CB06700E8A1ED /* UserViewModel.swift */; };
		6B23F57B295CB75700E8A1ED /* TabBarItems.swift in Sources */ = {isa = PBXBuildFile; fileRef = 6B23F57A295CB75700E8A1ED /* TabBarItems.swift */; };
		6B45008A295CBCDA0054CE19 /* UIColor+extensions.swift in Sources */ = {isa = PBXBuildFile; fileRef = 6B450089295CBCDA0054CE19 /* UIColor+extensions.swift */; };
		6B45008E295CC6AE0054CE19 /* UINavigationBar+extensions.swift in Sources */ = {isa = PBXBuildFile; fileRef = 6B45008D295CC6AE0054CE19 /* UINavigationBar+extensions.swift */; };
/* End PBXBuildFile section */

/* Begin PBXFileReference section */
		6B23F52F295C875000E8A1ED /* Atos.app */ = {isa = PBXFileReference; explicitFileType = wrapper.application; includeInIndex = 0; path = Atos.app; sourceTree = BUILT_PRODUCTS_DIR; };
		6B23F532295C875000E8A1ED /* AppDelegate.swift */ = {isa = PBXFileReference; lastKnownFileType = sourcecode.swift; path = AppDelegate.swift; sourceTree = "<group>"; };
		6B23F534295C875000E8A1ED /* SceneDelegate.swift */ = {isa = PBXFileReference; lastKnownFileType = sourcecode.swift; path = SceneDelegate.swift; sourceTree = "<group>"; };
		6B23F53B295C875000E8A1ED /* Assets.xcassets */ = {isa = PBXFileReference; lastKnownFileType = folder.assetcatalog; path = Assets.xcassets; sourceTree = "<group>"; };
		6B23F53E295C875000E8A1ED /* Base */ = {isa = PBXFileReference; lastKnownFileType = file.storyboard; name = Base; path = Base.lproj/LaunchScreen.storyboard; sourceTree = "<group>"; };
		6B23F540295C875000E8A1ED /* Info.plist */ = {isa = PBXFileReference; lastKnownFileType = text.plist.xml; path = Info.plist; sourceTree = "<group>"; };
		6B23F548295C8B1800E8A1ED /* RootCoordinator.swift */ = {isa = PBXFileReference; lastKnownFileType = sourcecode.swift; path = RootCoordinator.swift; sourceTree = "<group>"; };
		6B23F54C295C8C1F00E8A1ED /* Strings.swift */ = {isa = PBXFileReference; lastKnownFileType = sourcecode.swift; path = Strings.swift; sourceTree = "<group>"; };
		6B23F54E295C8C4600E8A1ED /* Colors.xcassets */ = {isa = PBXFileReference; lastKnownFileType = folder.assetcatalog; path = Colors.xcassets; sourceTree = "<group>"; };
		6B23F557295C8E9200E8A1ED /* LoginViewController.swift */ = {isa = PBXFileReference; lastKnownFileType = sourcecode.swift; path = LoginViewController.swift; sourceTree = "<group>"; };
		6B23F558295C8E9200E8A1ED /* LoginViewController.xib */ = {isa = PBXFileReference; lastKnownFileType = file.xib; path = LoginViewController.xib; sourceTree = "<group>"; };
		6B23F55B295C90BC00E8A1ED /* UIWindow+extensions.swift */ = {isa = PBXFileReference; lastKnownFileType = sourcecode.swift; path = "UIWindow+extensions.swift"; sourceTree = "<group>"; };
		6B23F55D295C953000E8A1ED /* LoginViewModel.swift */ = {isa = PBXFileReference; lastKnownFileType = sourcecode.swift; path = LoginViewModel.swift; sourceTree = "<group>"; };
		6B23F55F295C9FA500E8A1ED /* MainViewController.swift */ = {isa = PBXFileReference; lastKnownFileType = sourcecode.swift; path = MainViewController.swift; sourceTree = "<group>"; };
		6B23F560295C9FA500E8A1ED /* MainViewController.xib */ = {isa = PBXFileReference; lastKnownFileType = file.xib; path = MainViewController.xib; sourceTree = "<group>"; };
		6B23F563295C9FB900E8A1ED /* MainViewModel.swift */ = {isa = PBXFileReference; lastKnownFileType = sourcecode.swift; path = MainViewModel.swift; sourceTree = "<group>"; };
		6B23F566295CA28D00E8A1ED /* UserService.swift */ = {isa = PBXFileReference; lastKnownFileType = sourcecode.swift; path = UserService.swift; sourceTree = "<group>"; };
		6B23F568295CA59A00E8A1ED /* Logger.swift */ = {isa = PBXFileReference; lastKnownFileType = sourcecode.swift; path = Logger.swift; sourceTree = "<group>"; };
		6B23F56A295CA8D600E8A1ED /* DetailsViewController.swift */ = {isa = PBXFileReference; lastKnownFileType = sourcecode.swift; path = DetailsViewController.swift; sourceTree = "<group>"; };
		6B23F56B295CA8D600E8A1ED /* DetailsViewController.xib */ = {isa = PBXFileReference; lastKnownFileType = file.xib; path = DetailsViewController.xib; sourceTree = "<group>"; };
		6B23F56E295CA8F400E8A1ED /* DetailsViewModel.swift */ = {isa = PBXFileReference; lastKnownFileType = sourcecode.swift; path = DetailsViewModel.swift; sourceTree = "<group>"; };
		6B23F571295CAD9000E8A1ED /* TabBarController.swift */ = {isa = PBXFileReference; lastKnownFileType = sourcecode.swift; path = TabBarController.swift; sourceTree = "<group>"; };
		6B23F574295CB00C00E8A1ED /* UserViewController.swift */ = {isa = PBXFileReference; lastKnownFileType = sourcecode.swift; path = UserViewController.swift; sourceTree = "<group>"; };
		6B23F575295CB00C00E8A1ED /* UserViewController.xib */ = {isa = PBXFileReference; lastKnownFileType = file.xib; path = UserViewController.xib; sourceTree = "<group>"; };
		6B23F578295CB06700E8A1ED /* UserViewModel.swift */ = {isa = PBXFileReference; lastKnownFileType = sourcecode.swift; path = UserViewModel.swift; sourceTree = "<group>"; };
		6B23F57A295CB75700E8A1ED /* TabBarItems.swift */ = {isa = PBXFileReference; lastKnownFileType = sourcecode.swift; path = TabBarItems.swift; sourceTree = "<group>"; };
		6B450089295CBCDA0054CE19 /* UIColor+extensions.swift */ = {isa = PBXFileReference; lastKnownFileType = sourcecode.swift; path = "UIColor+extensions.swift"; sourceTree = "<group>"; };
		6B45008D295CC6AE0054CE19 /* UINavigationBar+extensions.swift */ = {isa = PBXFileReference; lastKnownFileType = sourcecode.swift; path = "UINavigationBar+extensions.swift"; sourceTree = "<group>"; };
/* End PBXFileReference section */

/* Begin PBXFrameworksBuildPhase section */
		6B23F52C295C875000E8A1ED /* Frameworks */ = {
			isa = PBXFrameworksBuildPhase;
			buildActionMask = 2147483647;
			files = (
			);
			runOnlyForDeploymentPostprocessing = 0;
		};
/* End PBXFrameworksBuildPhase section */

/* Begin PBXGroup section */
		6B23F526295C875000E8A1ED = {
			isa = PBXGroup;
			children = (
				6B23F531295C875000E8A1ED /* Atos */,
				6B23F530295C875000E8A1ED /* Products */,
			);
			sourceTree = "<group>";
		};
		6B23F530295C875000E8A1ED /* Products */ = {
			isa = PBXGroup;
			children = (
				6B23F52F295C875000E8A1ED /* Atos.app */,
			);
			name = Products;
			sourceTree = "<group>";
		};
		6B23F531295C875000E8A1ED /* Atos */ = {
			isa = PBXGroup;
			children = (
				6B23F547295C8A3100E8A1ED /* Coordinators */,
				6B23F546295C8A0900E8A1ED /* Scenes */,
				6B23F553295C8D6700E8A1ED /* Models */,
				6B23F54A295C8BED00E8A1ED /* Common */,
				6B23F54B295C8C0D00E8A1ED /* Resources */,
				6B23F550295C8C8300E8A1ED /* Supporting Files */,
			);
			path = Atos;
			sourceTree = "<group>";
		};
		6B23F546295C8A0900E8A1ED /* Scenes */ = {
			isa = PBXGroup;
			children = (
				6B23F532295C875000E8A1ED /* AppDelegate.swift */,
				6B23F534295C875000E8A1ED /* SceneDelegate.swift */,
				6B23F554295C8DA400E8A1ED /* Login Screen */,
				6B23F555295C8DB200E8A1ED /* Main Screen */,
				6B23F556295C8DEE00E8A1ED /* Details Screen */,
				6B23F573295CAFC800E8A1ED /* User Screen */,
			);
			path = Scenes;
			sourceTree = "<group>";
		};
		6B23F547295C8A3100E8A1ED /* Coordinators */ = {
			isa = PBXGroup;
			children = (
				6B23F548295C8B1800E8A1ED /* RootCoordinator.swift */,
			);
			path = Coordinators;
			sourceTree = "<group>";
		};
		6B23F54A295C8BED00E8A1ED /* Common */ = {
			isa = PBXGroup;
			children = (
				6B23F570295CAD7400E8A1ED /* Controllers */,
				6B23F565295CA27C00E8A1ED /* Services */,
				6B23F552295C8D4900E8A1ED /* Extensions */,
				6B23F551295C8D4300E8A1ED /* Utils */,
			);
			path = Common;
			sourceTree = "<group>";
		};
		6B23F54B295C8C0D00E8A1ED /* Resources */ = {
			isa = PBXGroup;
			children = (
				6B23F53B295C875000E8A1ED /* Assets.xcassets */,
				6B23F54E295C8C4600E8A1ED /* Colors.xcassets */,
				6B23F54C295C8C1F00E8A1ED /* Strings.swift */,
			);
			path = Resources;
			sourceTree = "<group>";
		};
		6B23F550295C8C8300E8A1ED /* Supporting Files */ = {
			isa = PBXGroup;
			children = (
				6B23F540295C875000E8A1ED /* Info.plist */,
				6B23F53D295C875000E8A1ED /* LaunchScreen.storyboard */,
			);
			path = "Supporting Files";
			sourceTree = "<group>";
		};
		6B23F551295C8D4300E8A1ED /* Utils */ = {
			isa = PBXGroup;
			children = (
				6B23F568295CA59A00E8A1ED /* Logger.swift */,
			);
			path = Utils;
			sourceTree = "<group>";
		};
		6B23F552295C8D4900E8A1ED /* Extensions */ = {
			isa = PBXGroup;
			children = (
				6B23F55B295C90BC00E8A1ED /* UIWindow+extensions.swift */,
				6B450089295CBCDA0054CE19 /* UIColor+extensions.swift */,
				6B45008D295CC6AE0054CE19 /* UINavigationBar+extensions.swift */,
			);
			path = Extensions;
			sourceTree = "<group>";
		};
		6B23F553295C8D6700E8A1ED /* Models */ = {
			isa = PBXGroup;
			children = (
			);
			path = Models;
			sourceTree = "<group>";
		};
		6B23F554295C8DA400E8A1ED /* Login Screen */ = {
			isa = PBXGroup;
			children = (
				6B23F55D295C953000E8A1ED /* LoginViewModel.swift */,
				6B23F557295C8E9200E8A1ED /* LoginViewController.swift */,
				6B23F558295C8E9200E8A1ED /* LoginViewController.xib */,
			);
			path = "Login Screen";
			sourceTree = "<group>";
		};
		6B23F555295C8DB200E8A1ED /* Main Screen */ = {
			isa = PBXGroup;
			children = (
				6B23F563295C9FB900E8A1ED /* MainViewModel.swift */,
				6B23F55F295C9FA500E8A1ED /* MainViewController.swift */,
				6B23F560295C9FA500E8A1ED /* MainViewController.xib */,
			);
			path = "Main Screen";
			sourceTree = "<group>";
		};
		6B23F556295C8DEE00E8A1ED /* Details Screen */ = {
			isa = PBXGroup;
			children = (
				6B23F56E295CA8F400E8A1ED /* DetailsViewModel.swift */,
				6B23F56A295CA8D600E8A1ED /* DetailsViewController.swift */,
				6B23F56B295CA8D600E8A1ED /* DetailsViewController.xib */,
			);
			path = "Details Screen";
			sourceTree = "<group>";
		};
		6B23F565295CA27C00E8A1ED /* Services */ = {
			isa = PBXGroup;
			children = (
				6B23F566295CA28D00E8A1ED /* UserService.swift */,
			);
			path = Services;
			sourceTree = "<group>";
		};
		6B23F570295CAD7400E8A1ED /* Controllers */ = {
			isa = PBXGroup;
			children = (
				6B23F571295CAD9000E8A1ED /* TabBarController.swift */,
				6B23F57A295CB75700E8A1ED /* TabBarItems.swift */,
			);
			path = Controllers;
			sourceTree = "<group>";
		};
		6B23F573295CAFC800E8A1ED /* User Screen */ = {
			isa = PBXGroup;
			children = (
				6B23F574295CB00C00E8A1ED /* UserViewController.swift */,
				6B23F575295CB00C00E8A1ED /* UserViewController.xib */,
				6B23F578295CB06700E8A1ED /* UserViewModel.swift */,
			);
			path = "User Screen";
			sourceTree = "<group>";
		};
/* End PBXGroup section */

/* Begin PBXNativeTarget section */
		6B23F52E295C875000E8A1ED /* Atos */ = {
			isa = PBXNativeTarget;
			buildConfigurationList = 6B23F543295C875000E8A1ED /* Build configuration list for PBXNativeTarget "Atos" */;
			buildPhases = (
				6B23F52B295C875000E8A1ED /* Sources */,
				6B23F52C295C875000E8A1ED /* Frameworks */,
				6B23F52D295C875000E8A1ED /* Resources */,
			);
			buildRules = (
			);
			dependencies = (
			);
			name = Atos;
			productName = Atos;
			productReference = 6B23F52F295C875000E8A1ED /* Atos.app */;
			productType = "com.apple.product-type.application";
		};
/* End PBXNativeTarget section */

/* Begin PBXProject section */
		6B23F527295C875000E8A1ED /* Project object */ = {
			isa = PBXProject;
			attributes = {
				BuildIndependentTargetsInParallel = 1;
				LastSwiftUpdateCheck = 1420;
				LastUpgradeCheck = 1420;
				TargetAttributes = {
					6B23F52E295C875000E8A1ED = {
						CreatedOnToolsVersion = 14.2;
					};
				};
			};
			buildConfigurationList = 6B23F52A295C875000E8A1ED /* Build configuration list for PBXProject "Atos" */;
			compatibilityVersion = "Xcode 14.0";
			developmentRegion = en;
			hasScannedForEncodings = 0;
			knownRegions = (
				en,
				Base,
			);
			mainGroup = 6B23F526295C875000E8A1ED;
			productRefGroup = 6B23F530295C875000E8A1ED /* Products */;
			projectDirPath = "";
			projectRoot = "";
			targets = (
				6B23F52E295C875000E8A1ED /* Atos */,
			);
		};
/* End PBXProject section */

/* Begin PBXResourcesBuildPhase section */
		6B23F52D295C875000E8A1ED /* Resources */ = {
			isa = PBXResourcesBuildPhase;
			buildActionMask = 2147483647;
			files = (
				6B23F577295CB00C00E8A1ED /* UserViewController.xib in Resources */,
				6B23F55A295C8E9200E8A1ED /* LoginViewController.xib in Resources */,
				6B23F53F295C875000E8A1ED /* LaunchScreen.storyboard in Resources */,
				6B23F562295C9FA500E8A1ED /* MainViewController.xib in Resources */,
				6B23F54F295C8C4600E8A1ED /* Colors.xcassets in Resources */,
				6B23F53C295C875000E8A1ED /* Assets.xcassets in Resources */,
				6B23F56D295CA8D600E8A1ED /* DetailsViewController.xib in Resources */,
			);
			runOnlyForDeploymentPostprocessing = 0;
		};
/* End PBXResourcesBuildPhase section */

/* Begin PBXSourcesBuildPhase section */
		6B23F52B295C875000E8A1ED /* Sources */ = {
			isa = PBXSourcesBuildPhase;
			buildActionMask = 2147483647;
			files = (
				6B23F559295C8E9200E8A1ED /* LoginViewController.swift in Sources */,
				6B23F576295CB00C00E8A1ED /* UserViewController.swift in Sources */,
				6B23F57B295CB75700E8A1ED /* TabBarItems.swift in Sources */,
				6B23F569295CA59A00E8A1ED /* Logger.swift in Sources */,
				6B23F549295C8B1800E8A1ED /* RootCoordinator.swift in Sources */,
				6B45008A295CBCDA0054CE19 /* UIColor+extensions.swift in Sources */,
				6B23F54D295C8C1F00E8A1ED /* Strings.swift in Sources */,
				6B23F572295CAD9000E8A1ED /* TabBarController.swift in Sources */,
				6B23F56F295CA8F400E8A1ED /* DetailsViewModel.swift in Sources */,
				6B23F533295C875000E8A1ED /* AppDelegate.swift in Sources */,
				6B23F535295C875000E8A1ED /* SceneDelegate.swift in Sources */,
				6B23F579295CB06700E8A1ED /* UserViewModel.swift in Sources */,
				6B23F55C295C90BC00E8A1ED /* UIWindow+extensions.swift in Sources */,
				6B23F567295CA28D00E8A1ED /* UserService.swift in Sources */,
				6B23F55E295C953000E8A1ED /* LoginViewModel.swift in Sources */,
				6B23F561295C9FA500E8A1ED /* MainViewController.swift in Sources */,
				6B23F564295C9FB900E8A1ED /* MainViewModel.swift in Sources */,
				6B45008E295CC6AE0054CE19 /* UINavigationBar+extensions.swift in Sources */,
				6B23F56C295CA8D600E8A1ED /* DetailsViewController.swift in Sources */,
			);
			runOnlyForDeploymentPostprocessing = 0;
		};
/* End PBXSourcesBuildPhase section */

/* Begin PBXVariantGroup section */
		6B23F53D295C875000E8A1ED /* LaunchScreen.storyboard */ = {
			isa = PBXVariantGroup;
			children = (
				6B23F53E295C875000E8A1ED /* Base */,
			);
			name = LaunchScreen.storyboard;
			sourceTree = "<group>";
		};
/* End PBXVariantGroup section */

/* Begin XCBuildConfiguration section */
		6B23F541295C875000E8A1ED /* Debug */ = {
			isa = XCBuildConfiguration;
			buildSettings = {
				ALWAYS_SEARCH_USER_PATHS = NO;
				CLANG_ANALYZER_NONNULL = YES;
				CLANG_ANALYZER_NUMBER_OBJECT_CONVERSION = YES_AGGRESSIVE;
				CLANG_CXX_LANGUAGE_STANDARD = "gnu++20";
				CLANG_ENABLE_MODULES = YES;
				CLANG_ENABLE_OBJC_ARC = YES;
				CLANG_ENABLE_OBJC_WEAK = YES;
				CLANG_WARN_BLOCK_CAPTURE_AUTORELEASING = YES;
				CLANG_WARN_BOOL_CONVERSION = YES;
				CLANG_WARN_COMMA = YES;
				CLANG_WARN_CONSTANT_CONVERSION = YES;
				CLANG_WARN_DEPRECATED_OBJC_IMPLEMENTATIONS = YES;
				CLANG_WARN_DIRECT_OBJC_ISA_USAGE = YES_ERROR;
				CLANG_WARN_DOCUMENTATION_COMMENTS = YES;
				CLANG_WARN_EMPTY_BODY = YES;
				CLANG_WARN_ENUM_CONVERSION = YES;
				CLANG_WARN_INFINITE_RECURSION = YES;
				CLANG_WARN_INT_CONVERSION = YES;
				CLANG_WARN_NON_LITERAL_NULL_CONVERSION = YES;
				CLANG_WARN_OBJC_IMPLICIT_RETAIN_SELF = YES;
				CLANG_WARN_OBJC_LITERAL_CONVERSION = YES;
				CLANG_WARN_OBJC_ROOT_CLASS = YES_ERROR;
				CLANG_WARN_QUOTED_INCLUDE_IN_FRAMEWORK_HEADER = YES;
				CLANG_WARN_RANGE_LOOP_ANALYSIS = YES;
				CLANG_WARN_STRICT_PROTOTYPES = YES;
				CLANG_WARN_SUSPICIOUS_MOVE = YES;
				CLANG_WARN_UNGUARDED_AVAILABILITY = YES_AGGRESSIVE;
				CLANG_WARN_UNREACHABLE_CODE = YES;
				CLANG_WARN__DUPLICATE_METHOD_MATCH = YES;
				COPY_PHASE_STRIP = NO;
				DEBUG_INFORMATION_FORMAT = dwarf;
				ENABLE_STRICT_OBJC_MSGSEND = YES;
				ENABLE_TESTABILITY = YES;
				GCC_C_LANGUAGE_STANDARD = gnu11;
				GCC_DYNAMIC_NO_PIC = NO;
				GCC_NO_COMMON_BLOCKS = YES;
				GCC_OPTIMIZATION_LEVEL = 0;
				GCC_PREPROCESSOR_DEFINITIONS = (
					"DEBUG=1",
					"$(inherited)",
				);
				GCC_WARN_64_TO_32_BIT_CONVERSION = YES;
				GCC_WARN_ABOUT_RETURN_TYPE = YES_ERROR;
				GCC_WARN_UNDECLARED_SELECTOR = YES;
				GCC_WARN_UNINITIALIZED_AUTOS = YES_AGGRESSIVE;
				GCC_WARN_UNUSED_FUNCTION = YES;
				GCC_WARN_UNUSED_VARIABLE = YES;
				IPHONEOS_DEPLOYMENT_TARGET = 16.2;
				MTL_ENABLE_DEBUG_INFO = INCLUDE_SOURCE;
				MTL_FAST_MATH = YES;
				ONLY_ACTIVE_ARCH = YES;
				SDKROOT = iphoneos;
				SWIFT_ACTIVE_COMPILATION_CONDITIONS = DEBUG;
				SWIFT_OPTIMIZATION_LEVEL = "-Onone";
			};
			name = Debug;
		};
		6B23F542295C875000E8A1ED /* Release */ = {
			isa = XCBuildConfiguration;
			buildSettings = {
				ALWAYS_SEARCH_USER_PATHS = NO;
				CLANG_ANALYZER_NONNULL = YES;
				CLANG_ANALYZER_NUMBER_OBJECT_CONVERSION = YES_AGGRESSIVE;
				CLANG_CXX_LANGUAGE_STANDARD = "gnu++20";
				CLANG_ENABLE_MODULES = YES;
				CLANG_ENABLE_OBJC_ARC = YES;
				CLANG_ENABLE_OBJC_WEAK = YES;
				CLANG_WARN_BLOCK_CAPTURE_AUTORELEASING = YES;
				CLANG_WARN_BOOL_CONVERSION = YES;
				CLANG_WARN_COMMA = YES;
				CLANG_WARN_CONSTANT_CONVERSION = YES;
				CLANG_WARN_DEPRECATED_OBJC_IMPLEMENTATIONS = YES;
				CLANG_WARN_DIRECT_OBJC_ISA_USAGE = YES_ERROR;
				CLANG_WARN_DOCUMENTATION_COMMENTS = YES;
				CLANG_WARN_EMPTY_BODY = YES;
				CLANG_WARN_ENUM_CONVERSION = YES;
				CLANG_WARN_INFINITE_RECURSION = YES;
				CLANG_WARN_INT_CONVERSION = YES;
				CLANG_WARN_NON_LITERAL_NULL_CONVERSION = YES;
				CLANG_WARN_OBJC_IMPLICIT_RETAIN_SELF = YES;
				CLANG_WARN_OBJC_LITERAL_CONVERSION = YES;
				CLANG_WARN_OBJC_ROOT_CLASS = YES_ERROR;
				CLANG_WARN_QUOTED_INCLUDE_IN_FRAMEWORK_HEADER = YES;
				CLANG_WARN_RANGE_LOOP_ANALYSIS = YES;
				CLANG_WARN_STRICT_PROTOTYPES = YES;
				CLANG_WARN_SUSPICIOUS_MOVE = YES;
				CLANG_WARN_UNGUARDED_AVAILABILITY = YES_AGGRESSIVE;
				CLANG_WARN_UNREACHABLE_CODE = YES;
				CLANG_WARN__DUPLICATE_METHOD_MATCH = YES;
				COPY_PHASE_STRIP = NO;
				DEBUG_INFORMATION_FORMAT = "dwarf-with-dsym";
				ENABLE_NS_ASSERTIONS = NO;
				ENABLE_STRICT_OBJC_MSGSEND = YES;
				GCC_C_LANGUAGE_STANDARD = gnu11;
				GCC_NO_COMMON_BLOCKS = YES;
				GCC_WARN_64_TO_32_BIT_CONVERSION = YES;
				GCC_WARN_ABOUT_RETURN_TYPE = YES_ERROR;
				GCC_WARN_UNDECLARED_SELECTOR = YES;
				GCC_WARN_UNINITIALIZED_AUTOS = YES_AGGRESSIVE;
				GCC_WARN_UNUSED_FUNCTION = YES;
				GCC_WARN_UNUSED_VARIABLE = YES;
				IPHONEOS_DEPLOYMENT_TARGET = 16.2;
				MTL_ENABLE_DEBUG_INFO = NO;
				MTL_FAST_MATH = YES;
				SDKROOT = iphoneos;
				SWIFT_COMPILATION_MODE = wholemodule;
				SWIFT_OPTIMIZATION_LEVEL = "-O";
				VALIDATE_PRODUCT = YES;
			};
			name = Release;
		};
		6B23F544295C875000E8A1ED /* Debug */ = {
			isa = XCBuildConfiguration;
			buildSettings = {
				ASSETCATALOG_COMPILER_APPICON_NAME = AppIcon;
				ASSETCATALOG_COMPILER_GLOBAL_ACCENT_COLOR_NAME = AccentColor;
				CODE_SIGN_STYLE = Automatic;
				CURRENT_PROJECT_VERSION = 1;
				DEVELOPMENT_TEAM = 2UGBQYC9Y9;
				GENERATE_INFOPLIST_FILE = YES;
				INFOPLIST_FILE = "Atos/Supporting Files/Info.plist";
				INFOPLIST_KEY_UIApplicationSupportsIndirectInputEvents = YES;
				INFOPLIST_KEY_UILaunchStoryboardName = LaunchScreen;
				INFOPLIST_KEY_UIMainStoryboardFile = "";
				INFOPLIST_KEY_UISupportedInterfaceOrientations = UIInterfaceOrientationPortrait;
				INFOPLIST_KEY_UISupportedInterfaceOrientations_iPad = "UIInterfaceOrientationLandscapeLeft UIInterfaceOrientationLandscapeRight UIInterfaceOrientationPortrait UIInterfaceOrientationPortraitUpsideDown";
				LD_RUNPATH_SEARCH_PATHS = (
					"$(inherited)",
					"@executable_path/Frameworks",
				);
				MARKETING_VERSION = 1.0;
				PRODUCT_BUNDLE_IDENTIFIER = kl.Atos;
				PRODUCT_NAME = "$(TARGET_NAME)";
				SUPPORTED_PLATFORMS = "iphoneos iphonesimulator";
				SUPPORTS_MACCATALYST = NO;
				SUPPORTS_MAC_DESIGNED_FOR_IPHONE_IPAD = YES;
				SWIFT_EMIT_LOC_STRINGS = YES;
				SWIFT_VERSION = 5.0;
				TARGETED_DEVICE_FAMILY = 1;
			};
			name = Debug;
		};
		6B23F545295C875000E8A1ED /* Release */ = {
			isa = XCBuildConfiguration;
			buildSettings = {
				ASSETCATALOG_COMPILER_APPICON_NAME = AppIcon;
				ASSETCATALOG_COMPILER_GLOBAL_ACCENT_COLOR_NAME = AccentColor;
				CODE_SIGN_STYLE = Automatic;
				CURRENT_PROJECT_VERSION = 1;
				DEVELOPMENT_TEAM = 2UGBQYC9Y9;
				GENERATE_INFOPLIST_FILE = YES;
				INFOPLIST_FILE = "Atos/Supporting Files/Info.plist";
				INFOPLIST_KEY_UIApplicationSupportsIndirectInputEvents = YES;
				INFOPLIST_KEY_UILaunchStoryboardName = LaunchScreen;
				INFOPLIST_KEY_UIMainStoryboardFile = "";
				INFOPLIST_KEY_UISupportedInterfaceOrientations = UIInterfaceOrientationPortrait;
				INFOPLIST_KEY_UISupportedInterfaceOrientations_iPad = "UIInterfaceOrientationLandscapeLeft UIInterfaceOrientationLandscapeRight UIInterfaceOrientationPortrait UIInterfaceOrientationPortraitUpsideDown";
				LD_RUNPATH_SEARCH_PATHS = (
					"$(inherited)",
					"@executable_path/Frameworks",
				);
				MARKETING_VERSION = 1.0;
				PRODUCT_BUNDLE_IDENTIFIER = kl.Atos;
				PRODUCT_NAME = "$(TARGET_NAME)";
				SUPPORTED_PLATFORMS = "iphoneos iphonesimulator";
				SUPPORTS_MACCATALYST = NO;
				SUPPORTS_MAC_DESIGNED_FOR_IPHONE_IPAD = YES;
				SWIFT_EMIT_LOC_STRINGS = YES;
				SWIFT_VERSION = 5.0;
				TARGETED_DEVICE_FAMILY = 1;
			};
			name = Release;
		};
/* End XCBuildConfiguration section */

/* Begin XCConfigurationList section */
		6B23F52A295C875000E8A1ED /* Build configuration list for PBXProject "Atos" */ = {
			isa = XCConfigurationList;
			buildConfigurations = (
				6B23F541295C875000E8A1ED /* Debug */,
				6B23F542295C875000E8A1ED /* Release */,
			);
			defaultConfigurationIsVisible = 0;
			defaultConfigurationName = Release;
		};
		6B23F543295C875000E8A1ED /* Build configuration list for PBXNativeTarget "Atos" */ = {
			isa = XCConfigurationList;
			buildConfigurations = (
				6B23F544295C875000E8A1ED /* Debug */,
				6B23F545295C875000E8A1ED /* Release */,
			);
			defaultConfigurationIsVisible = 0;
			defaultConfigurationName = Release;
		};
/* End XCConfigurationList section */
	};
	rootObject = 6B23F527295C875000E8A1ED /* Project object */;
}
